
Microsoft Visual Studio Solution File, Format Version 12.00
# Visual Studio Version 16
VisualStudioVersion = 16.0.30406.217
MinimumVisualStudioVersion = 10.0.40219.1
Project("{9A19103F-16F7-4668-BE54-9A1E7A4F7556}") = "EFCoreInMemoryDemo", "EFCoreInMemoryDemo\EFCoreInMemoryDemo.csproj", "{241A068E-DBB4-4B20-9F48-6ECDC2F5FADA}"
EndProject
Project("{9A19103F-16F7-4668-BE54-9A1E7A4F7556}") = "EFCoreInMemoryDemo.Business", "EFCoreInMemoryDemo.Business\EFCoreInMemoryDemo.Business.csproj", "{21747437-92BF-419D-9D73-83CC34BA019B}"
EndProject
Project("{9A19103F-16F7-4668-BE54-9A1E7A4F7556}") = "EFCoreInMemoryDemo.Data", "EFCoreInMemoryDemo.Data\EFCoreInMemoryDemo.Data.csproj", "{1E3D9CC5-5ABC-4AD7-BC42-74B408AC1AF2}"
EndProject
Global
	GlobalSection(SolutionConfigurationPlatforms) = preSolution
		Debug|Any CPU = Debug|Any CPU
		Release|Any CPU = Release|Any CPU
	EndGlobalSection
	GlobalSection(ProjectConfigurationPlatforms) = postSolution
		{241A068E-DBB4-4B20-9F48-6ECDC2F5FADA}.Debug|Any CPU.ActiveCfg = Debug|Any CPU
		{241A068E-DBB4-4B20-9F48-6ECDC2F5FADA}.Debug|Any CPU.Build.0 = Debug|Any CPU
		{241A068E-DBB4-4B20-9F48-6ECDC2F5FADA}.Release|Any CPU.ActiveCfg = Release|Any CPU
		{241A068E-DBB4-4B20-9F48-6ECDC2F5FADA}.Release|Any CPU.Build.0 = Release|Any CPU
		{21747437-92BF-419D-9D73-83CC34BA019B}.Debug|Any CPU.ActiveCfg = Debug|Any CPU
		{21747437-92BF-419D-9D73-83CC34BA019B}.Debug|Any CPU.Build.0 = Debug|Any CPU
		{21747437-92BF-419D-9D73-83CC34BA019B}.Release|Any CPU.ActiveCfg = Release|Any CPU
		{21747437-92BF-419D-9D73-83CC34BA019B}.Release|Any CPU.Build.0 = Release|Any CPU
		{1E3D9CC5-5ABC-4AD7-BC42-74B408AC1AF2}.Debug|Any CPU.ActiveCfg = Debug|Any CPU
		{1E3D9CC5-5ABC-4AD7-BC42-74B408AC1AF2}.Debug|Any CPU.Build.0 = Debug|Any CPU
		{1E3D9CC5-5ABC-4AD7-BC42-74B408AC1AF2}.Release|Any CPU.ActiveCfg = Release|Any CPU
		{1E3D9CC5-5ABC-4AD7-BC42-74B408AC1AF2}.Release|Any CPU.Build.0 = Release|Any CPU
	EndGlobalSection
	GlobalSection(SolutionProperties) = preSolution
		HideSolutionNode = FALSE
	EndGlobalSection
	GlobalSection(ExtensibilityGlobals) = postSolution
		SolutionGuid = {56B31553-4687-44D7-A444-4C2369F8F447}
	EndGlobalSection
EndGlobal
